
Microsoft Visual Studio Solution File, Format Version 12.00
# Visual Studio Version 16
VisualStudioVersion = 16.0.30011.22
MinimumVisualStudioVersion = 10.0.40219.1
Project("{9A19103F-16F7-4668-BE54-9A1E7A4F7556}") = "FindTheClosestPalindrome", "src\FindTheClosestPalindrome.csproj", "{0C676D57-81AA-4FC0-B270-6C10030CDC28}"
EndProject
Project("{9A19103F-16F7-4668-BE54-9A1E7A4F7556}") = "FindTheClosestPalindromeTest", "test\FindTheClosestPalindromeTest.csproj", "{F1034C1A-8142-4DC2-9A15-412100E12EC0}"
EndProject
Global
	GlobalSection(SolutionConfigurationPlatforms) = preSolution
		Debug|Any CPU = Debug|Any CPU
		Release|Any CPU = Release|Any CPU
	EndGlobalSection
	GlobalSection(ProjectConfigurationPlatforms) = postSolution
		{0C676D57-81AA-4FC0-B270-6C10030CDC28}.Debug|Any CPU.ActiveCfg = Debug|Any CPU
		{0C676D57-81AA-4FC0-B270-6C10030CDC28}.Debug|Any CPU.Build.0 = Debug|Any CPU
		{0C676D57-81AA-4FC0-B270-6C10030CDC28}.Release|Any CPU.ActiveCfg = Release|Any CPU
		{0C676D57-81AA-4FC0-B270-6C10030CDC28}.Release|Any CPU.Build.0 = Release|Any CPU
		{F1034C1A-8142-4DC2-9A15-412100E12EC0}.Debug|Any CPU.ActiveCfg = Debug|Any CPU
		{F1034C1A-8142-4DC2-9A15-412100E12EC0}.Debug|Any CPU.Build.0 = Debug|Any CPU
		{F1034C1A-8142-4DC2-9A15-412100E12EC0}.Release|Any CPU.ActiveCfg = Release|Any CPU
		{F1034C1A-8142-4DC2-9A15-412100E12EC0}.Release|Any CPU.Build.0 = Release|Any CPU
	EndGlobalSection
	GlobalSection(SolutionProperties) = preSolution
		HideSolutionNode = FALSE
	EndGlobalSection
	GlobalSection(ExtensibilityGlobals) = postSolution
		SolutionGuid = {81F1FB29-F260-448B-B982-2993451A3B71}
	EndGlobalSection
EndGlobal
